// !$*UTF8*$!
{
	archiveVersion = 1;
	classes = {
	};
	objectVersion = 50;
	objects = {

/* Begin PBXBuildFile section */
		34CA0614242AA2CA00251A34 /* AppDelegate.swift in Sources */ = {isa = PBXBuildFile; fileRef = 34CA0613242AA2CA00251A34 /* AppDelegate.swift */; };
		34CA0616242AA2CA00251A34 /* SceneDelegate.swift in Sources */ = {isa = PBXBuildFile; fileRef = 34CA0615242AA2CA00251A34 /* SceneDelegate.swift */; };
		34CA061B242AA2CA00251A34 /* Main.storyboard in Resources */ = {isa = PBXBuildFile; fileRef = 34CA0619242AA2CA00251A34 /* Main.storyboard */; };
		34CA061D242AA2CB00251A34 /* Assets.xcassets in Resources */ = {isa = PBXBuildFile; fileRef = 34CA061C242AA2CB00251A34 /* Assets.xcassets */; };
		34CA0620242AA2CB00251A34 /* LaunchScreen.storyboard in Resources */ = {isa = PBXBuildFile; fileRef = 34CA061E242AA2CB00251A34 /* LaunchScreen.storyboard */; };
		34CA062E242AA8A700251A34 /* CHCard.m in Sources */ = {isa = PBXBuildFile; fileRef = 34CA062D242AA8A700251A34 /* CHCard.m */; };
		34CA0631242AB34700251A34 /* CHCardController.m in Sources */ = {isa = PBXBuildFile; fileRef = 34CA0630242AB34700251A34 /* CHCardController.m */; };
		34CA0635242AC07D00251A34 /* CHCardViewController.swift in Sources */ = {isa = PBXBuildFile; fileRef = 34CA0634242AC07D00251A34 /* CHCardViewController.swift */; };
/* End PBXBuildFile section */

/* Begin PBXFileReference section */
		34CA0610242AA2CA00251A34 /* CHDeckOfCards.app */ = {isa = PBXFileReference; explicitFileType = wrapper.application; includeInIndex = 0; path = CHDeckOfCards.app; sourceTree = BUILT_PRODUCTS_DIR; };
		34CA0613242AA2CA00251A34 /* AppDelegate.swift */ = {isa = PBXFileReference; lastKnownFileType = sourcecode.swift; path = AppDelegate.swift; sourceTree = "<group>"; };
		34CA0615242AA2CA00251A34 /* SceneDelegate.swift */ = {isa = PBXFileReference; lastKnownFileType = sourcecode.swift; path = SceneDelegate.swift; sourceTree = "<group>"; };
		34CA061A242AA2CA00251A34 /* Base */ = {isa = PBXFileReference; lastKnownFileType = file.storyboard; name = Base; path = Base.lproj/Main.storyboard; sourceTree = "<group>"; };
		34CA061C242AA2CB00251A34 /* Assets.xcassets */ = {isa = PBXFileReference; lastKnownFileType = folder.assetcatalog; path = Assets.xcassets; sourceTree = "<group>"; };
		34CA061F242AA2CB00251A34 /* Base */ = {isa = PBXFileReference; lastKnownFileType = file.storyboard; name = Base; path = Base.lproj/LaunchScreen.storyboard; sourceTree = "<group>"; };
		34CA0621242AA2CB00251A34 /* Info.plist */ = {isa = PBXFileReference; lastKnownFileType = text.plist.xml; path = Info.plist; sourceTree = "<group>"; };
		34CA062B242AA8A700251A34 /* DeckOfCards-Bridging-Header.h */ = {isa = PBXFileReference; lastKnownFileType = sourcecode.c.h; path = "DeckOfCards-Bridging-Header.h"; sourceTree = "<group>"; };
		34CA062C242AA8A700251A34 /* CHCard.h */ = {isa = PBXFileReference; lastKnownFileType = sourcecode.c.h; path = CHCard.h; sourceTree = "<group>"; };
		34CA062D242AA8A700251A34 /* CHCard.m */ = {isa = PBXFileReference; lastKnownFileType = sourcecode.c.objc; path = CHCard.m; sourceTree = "<group>"; };
		34CA062F242AB34700251A34 /* CHCardController.h */ = {isa = PBXFileReference; lastKnownFileType = sourcecode.c.h; path = CHCardController.h; sourceTree = "<group>"; };
		34CA0630242AB34700251A34 /* CHCardController.m */ = {isa = PBXFileReference; lastKnownFileType = sourcecode.c.objc; path = CHCardController.m; sourceTree = "<group>"; };
		34CA0634242AC07D00251A34 /* CHCardViewController.swift */ = {isa = PBXFileReference; lastKnownFileType = sourcecode.swift; path = CHCardViewController.swift; sourceTree = "<group>"; };
/* End PBXFileReference section */

/* Begin PBXFrameworksBuildPhase section */
		34CA060D242AA2CA00251A34 /* Frameworks */ = {
			isa = PBXFrameworksBuildPhase;
			buildActionMask = 2147483647;
			files = (
			);
			runOnlyForDeploymentPostprocessing = 0;
		};
/* End PBXFrameworksBuildPhase section */

/* Begin PBXGroup section */
		34CA0607242AA2CA00251A34 = {
			isa = PBXGroup;
			children = (
				34CA0612242AA2CA00251A34 /* DeckOfCards */,
				34CA0611242AA2CA00251A34 /* Products */,
			);
			sourceTree = "<group>";
		};
		34CA0611242AA2CA00251A34 /* Products */ = {
			isa = PBXGroup;
			children = (
				34CA0610242AA2CA00251A34 /* CHDeckOfCards.app */,
			);
			name = Products;
			sourceTree = "<group>";
		};
		34CA0612242AA2CA00251A34 /* DeckOfCards */ = {
			isa = PBXGroup;
			children = (
				34CA0628242AA64F00251A34 /* Model */,
				34CA0629242AA65600251A34 /* View */,
				34CA062A242AA65C00251A34 /* Controllers */,
				34CA0627242AA64700251A34 /* Resources */,
			);
			path = DeckOfCards;
			sourceTree = "<group>";
		};
		34CA0627242AA64700251A34 /* Resources */ = {
			isa = PBXGroup;
			children = (
				34CA062B242AA8A700251A34 /* DeckOfCards-Bridging-Header.h */,
				34CA0613242AA2CA00251A34 /* AppDelegate.swift */,
				34CA0615242AA2CA00251A34 /* SceneDelegate.swift */,
				34CA061C242AA2CB00251A34 /* Assets.xcassets */,
				34CA061E242AA2CB00251A34 /* LaunchScreen.storyboard */,
				34CA0621242AA2CB00251A34 /* Info.plist */,
			);
			path = Resources;
			sourceTree = "<group>";
		};
		34CA0628242AA64F00251A34 /* Model */ = {
			isa = PBXGroup;
			children = (
				34CA062C242AA8A700251A34 /* CHCard.h */,
				34CA062D242AA8A700251A34 /* CHCard.m */,
			);
			path = Model;
			sourceTree = "<group>";
		};
		34CA0629242AA65600251A34 /* View */ = {
			isa = PBXGroup;
			children = (
				34CA0619242AA2CA00251A34 /* Main.storyboard */,
			);
			path = View;
			sourceTree = "<group>";
		};
		34CA062A242AA65C00251A34 /* Controllers */ = {
			isa = PBXGroup;
			children = (
				34CA0633242AC03500251A34 /* ViewController */,
				34CA0632242AC02C00251A34 /* ModelController */,
			);
			path = Controllers;
			sourceTree = "<group>";
		};
		34CA0632242AC02C00251A34 /* ModelController */ = {
			isa = PBXGroup;
			children = (
				34CA062F242AB34700251A34 /* CHCardController.h */,
				34CA0630242AB34700251A34 /* CHCardController.m */,
			);
			path = ModelController;
			sourceTree = "<group>";
		};
		34CA0633242AC03500251A34 /* ViewController */ = {
			isa = PBXGroup;
			children = (
				34CA0634242AC07D00251A34 /* CHCardViewController.swift */,
			);
			path = ViewController;
			sourceTree = "<group>";
		};
/* End PBXGroup section */

/* Begin PBXNativeTarget section */
		34CA060F242AA2CA00251A34 /* DeckOfCards */ = {
			isa = PBXNativeTarget;
			buildConfigurationList = 34CA0624242AA2CB00251A34 /* Build configuration list for PBXNativeTarget "DeckOfCards" */;
			buildPhases = (
				34CA060C242AA2CA00251A34 /* Sources */,
				34CA060D242AA2CA00251A34 /* Frameworks */,
				34CA060E242AA2CA00251A34 /* Resources */,
			);
			buildRules = (
			);
			dependencies = (
			);
			name = DeckOfCards;
			productName = DeckOfCards;
			productReference = 34CA0610242AA2CA00251A34 /* CHDeckOfCards.app */;
			productType = "com.apple.product-type.application";
		};
/* End PBXNativeTarget section */

/* Begin PBXProject section */
		34CA0608242AA2CA00251A34 /* Project object */ = {
			isa = PBXProject;
			attributes = {
				LastSwiftUpdateCheck = 1140;
				LastUpgradeCheck = 1140;
				ORGANIZATIONNAME = Colby_Harris;
				TargetAttributes = {
					34CA060F242AA2CA00251A34 = {
						CreatedOnToolsVersion = 11.4;
						LastSwiftMigration = 1140;
					};
				};
			};
			buildConfigurationList = 34CA060B242AA2CA00251A34 /* Build configuration list for PBXProject "DeckOfCards" */;
			compatibilityVersion = "Xcode 9.3";
			developmentRegion = en;
			hasScannedForEncodings = 0;
			knownRegions = (
				en,
				Base,
			);
			mainGroup = 34CA0607242AA2CA00251A34;
			productRefGroup = 34CA0611242AA2CA00251A34 /* Products */;
			projectDirPath = "";
			projectRoot = "";
			targets = (
				34CA060F242AA2CA00251A34 /* DeckOfCards */,
			);
		};
/* End PBXProject section */

/* Begin PBXResourcesBuildPhase section */
		34CA060E242AA2CA00251A34 /* Resources */ = {
			isa = PBXResourcesBuildPhase;
			buildActionMask = 2147483647;
			files = (
				34CA0620242AA2CB00251A34 /* LaunchScreen.storyboard in Resources */,
				34CA061D242AA2CB00251A34 /* Assets.xcassets in Resources */,
				34CA061B242AA2CA00251A34 /* Main.storyboard in Resources */,
			);
			runOnlyForDeploymentPostprocessing = 0;
		};
/* End PBXResourcesBuildPhase section */

/* Begin PBXSourcesBuildPhase section */
		34CA060C242AA2CA00251A34 /* Sources */ = {
			isa = PBXSourcesBuildPhase;
			buildActionMask = 2147483647;
			files = (
				34CA0614242AA2CA00251A34 /* AppDelegate.swift in Sources */,
				34CA0635242AC07D00251A34 /* CHCardViewController.swift in Sources */,
				34CA062E242AA8A700251A34 /* CHCard.m in Sources */,
				34CA0631242AB34700251A34 /* CHCardController.m in Sources */,
				34CA0616242AA2CA00251A34 /* SceneDelegate.swift in Sources */,
			);
			runOnlyForDeploymentPostprocessing = 0;
		};
/* End PBXSourcesBuildPhase section */

/* Begin PBXVariantGroup section */
		34CA0619242AA2CA00251A34 /* Main.storyboard */ = {
			isa = PBXVariantGroup;
			children = (
				34CA061A242AA2CA00251A34 /* Base */,
			);
			name = Main.storyboard;
			sourceTree = "<group>";
		};
		34CA061E242AA2CB00251A34 /* LaunchScreen.storyboard */ = {
			isa = PBXVariantGroup;
			children = (
				34CA061F242AA2CB00251A34 /* Base */,
			);
			name = LaunchScreen.storyboard;
			sourceTree = "<group>";
		};
/* End PBXVariantGroup section */

/* Begin XCBuildConfiguration section */
		34CA0622242AA2CB00251A34 /* Debug */ = {
			isa = XCBuildConfiguration;
			buildSettings = {
				ALWAYS_SEARCH_USER_PATHS = NO;
				CLANG_ANALYZER_NONNULL = YES;
				CLANG_ANALYZER_NUMBER_OBJECT_CONVERSION = YES_AGGRESSIVE;
				CLANG_CXX_LANGUAGE_STANDARD = "gnu++14";
				CLANG_CXX_LIBRARY = "libc++";
				CLANG_ENABLE_MODULES = YES;
				CLANG_ENABLE_OBJC_ARC = YES;
				CLANG_ENABLE_OBJC_WEAK = YES;
				CLANG_WARN_BLOCK_CAPTURE_AUTORELEASING = YES;
				CLANG_WARN_BOOL_CONVERSION = YES;
				CLANG_WARN_COMMA = YES;
				CLANG_WARN_CONSTANT_CONVERSION = YES;
				CLANG_WARN_DEPRECATED_OBJC_IMPLEMENTATIONS = YES;
				CLANG_WARN_DIRECT_OBJC_ISA_USAGE = YES_ERROR;
				CLANG_WARN_DOCUMENTATION_COMMENTS = YES;
				CLANG_WARN_EMPTY_BODY = YES;
				CLANG_WARN_ENUM_CONVERSION = YES;
				CLANG_WARN_INFINITE_RECURSION = YES;
				CLANG_WARN_INT_CONVERSION = YES;
				CLANG_WARN_NON_LITERAL_NULL_CONVERSION = YES;
				CLANG_WARN_OBJC_IMPLICIT_RETAIN_SELF = YES;
				CLANG_WARN_OBJC_LITERAL_CONVERSION = YES;
				CLANG_WARN_OBJC_ROOT_CLASS = YES_ERROR;
				CLANG_WARN_RANGE_LOOP_ANALYSIS = YES;
				CLANG_WARN_STRICT_PROTOTYPES = YES;
				CLANG_WARN_SUSPICIOUS_MOVE = YES;
				CLANG_WARN_UNGUARDED_AVAILABILITY = YES_AGGRESSIVE;
				CLANG_WARN_UNREACHABLE_CODE = YES;
				CLANG_WARN__DUPLICATE_METHOD_MATCH = YES;
				COPY_PHASE_STRIP = NO;
				DEBUG_INFORMATION_FORMAT = dwarf;
				ENABLE_STRICT_OBJC_MSGSEND = YES;
				ENABLE_TESTABILITY = YES;
				GCC_C_LANGUAGE_STANDARD = gnu11;
				GCC_DYNAMIC_NO_PIC = NO;
				GCC_NO_COMMON_BLOCKS = YES;
				GCC_OPTIMIZATION_LEVEL = 0;
				GCC_PREPROCESSOR_DEFINITIONS = (
					"DEBUG=1",
					"$(inherited)",
				);
				GCC_WARN_64_TO_32_BIT_CONVERSION = YES;
				GCC_WARN_ABOUT_RETURN_TYPE = YES_ERROR;
				GCC_WARN_UNDECLARED_SELECTOR = YES;
				GCC_WARN_UNINITIALIZED_AUTOS = YES_AGGRESSIVE;
				GCC_WARN_UNUSED_FUNCTION = YES;
				GCC_WARN_UNUSED_VARIABLE = YES;
				IPHONEOS_DEPLOYMENT_TARGET = 13.4;
				MTL_ENABLE_DEBUG_INFO = INCLUDE_SOURCE;
				MTL_FAST_MATH = YES;
				ONLY_ACTIVE_ARCH = YES;
				SDKROOT = iphoneos;
				SWIFT_ACTIVE_COMPILATION_CONDITIONS = DEBUG;
				SWIFT_OPTIMIZATION_LEVEL = "-Onone";
			};
			name = Debug;
		};
		34CA0623242AA2CB00251A34 /* Release */ = {
			isa = XCBuildConfiguration;
			buildSettings = {
				ALWAYS_SEARCH_USER_PATHS = NO;
				CLANG_ANALYZER_NONNULL = YES;
				CLANG_ANALYZER_NUMBER_OBJECT_CONVERSION = YES_AGGRESSIVE;
				CLANG_CXX_LANGUAGE_STANDARD = "gnu++14";
				CLANG_CXX_LIBRARY = "libc++";
				CLANG_ENABLE_MODULES = YES;
				CLANG_ENABLE_OBJC_ARC = YES;
				CLANG_ENABLE_OBJC_WEAK = YES;
				CLANG_WARN_BLOCK_CAPTURE_AUTORELEASING = YES;
				CLANG_WARN_BOOL_CONVERSION = YES;
				CLANG_WARN_COMMA = YES;
				CLANG_WARN_CONSTANT_CONVERSION = YES;
				CLANG_WARN_DEPRECATED_OBJC_IMPLEMENTATIONS = YES;
				CLANG_WARN_DIRECT_OBJC_ISA_USAGE = YES_ERROR;
				CLANG_WARN_DOCUMENTATION_COMMENTS = YES;
				CLANG_WARN_EMPTY_BODY = YES;
				CLANG_WARN_ENUM_CONVERSION = YES;
				CLANG_WARN_INFINITE_RECURSION = YES;
				CLANG_WARN_INT_CONVERSION = YES;
				CLANG_WARN_NON_LITERAL_NULL_CONVERSION = YES;
				CLANG_WARN_OBJC_IMPLICIT_RETAIN_SELF = YES;
				CLANG_WARN_OBJC_LITERAL_CONVERSION = YES;
				CLANG_WARN_OBJC_ROOT_CLASS = YES_ERROR;
				CLANG_WARN_RANGE_LOOP_ANALYSIS = YES;
				CLANG_WARN_STRICT_PROTOTYPES = YES;
				CLANG_WARN_SUSPICIOUS_MOVE = YES;
				CLANG_WARN_UNGUARDED_AVAILABILITY = YES_AGGRESSIVE;
				CLANG_WARN_UNREACHABLE_CODE = YES;
				CLANG_WARN__DUPLICATE_METHOD_MATCH = YES;
				COPY_PHASE_STRIP = NO;
				DEBUG_INFORMATION_FORMAT = "dwarf-with-dsym";
				ENABLE_NS_ASSERTIONS = NO;
				ENABLE_STRICT_OBJC_MSGSEND = YES;
				GCC_C_LANGUAGE_STANDARD = gnu11;
				GCC_NO_COMMON_BLOCKS = YES;
				GCC_WARN_64_TO_32_BIT_CONVERSION = YES;
				GCC_WARN_ABOUT_RETURN_TYPE = YES_ERROR;
				GCC_WARN_UNDECLARED_SELECTOR = YES;
				GCC_WARN_UNINITIALIZED_AUTOS = YES_AGGRESSIVE;
				GCC_WARN_UNUSED_FUNCTION = YES;
				GCC_WARN_UNUSED_VARIABLE = YES;
				IPHONEOS_DEPLOYMENT_TARGET = 13.4;
				MTL_ENABLE_DEBUG_INFO = NO;
				MTL_FAST_MATH = YES;
				SDKROOT = iphoneos;
				SWIFT_COMPILATION_MODE = wholemodule;
				SWIFT_OPTIMIZATION_LEVEL = "-O";
				VALIDATE_PRODUCT = YES;
			};
			name = Release;
		};
		34CA0625242AA2CB00251A34 /* Debug */ = {
			isa = XCBuildConfiguration;
			buildSettings = {
				ASSETCATALOG_COMPILER_APPICON_NAME = AppIcon;
				CLANG_ENABLE_MODULES = YES;
				CODE_SIGN_STYLE = Automatic;
				DEVELOPMENT_TEAM = ZJLVU28L56;
				INFOPLIST_FILE = DeckOfCards/Resources/Info.plist;
				LD_RUNPATH_SEARCH_PATHS = (
					"$(inherited)",
					"@executable_path/Frameworks",
				);
				PRODUCT_BUNDLE_IDENTIFIER = "comColby-Harris.DeckOfCards";
				PRODUCT_NAME = CHDeckOfCards;
				SWIFT_OBJC_BRIDGING_HEADER = "DeckOfCards/Resources/DeckOfCards-Bridging-Header.h";
				SWIFT_OPTIMIZATION_LEVEL = "-Onone";
				SWIFT_VERSION = 5.0;
				TARGETED_DEVICE_FAMILY = "1,2";
			};
			name = Debug;
		};
		34CA0626242AA2CB00251A34 /* Release */ = {
			isa = XCBuildConfiguration;
			buildSettings = {
				ASSETCATALOG_COMPILER_APPICON_NAME = AppIcon;
				CLANG_ENABLE_MODULES = YES;
				CODE_SIGN_STYLE = Automatic;
				DEVELOPMENT_TEAM = ZJLVU28L56;
				INFOPLIST_FILE = DeckOfCards/Resources/Info.plist;
				LD_RUNPATH_SEARCH_PATHS = (
					"$(inherited)",
					"@executable_path/Frameworks",
				);
				PRODUCT_BUNDLE_IDENTIFIER = "comColby-Harris.DeckOfCards";
				PRODUCT_NAME = CHDeckOfCards;
				SWIFT_OBJC_BRIDGING_HEADER = "DeckOfCards/Resources/DeckOfCards-Bridging-Header.h";
				SWIFT_VERSION = 5.0;
				TARGETED_DEVICE_FAMILY = "1,2";
			};
			name = Release;
		};
/* End XCBuildConfiguration section */

/* Begin XCConfigurationList section */
		34CA060B242AA2CA00251A34 /* Build configuration list for PBXProject "DeckOfCards" */ = {
			isa = XCConfigurationList;
			buildConfigurations = (
				34CA0622242AA2CB00251A34 /* Debug */,
				34CA0623242AA2CB00251A34 /* Release */,
			);
			defaultConfigurationIsVisible = 0;
			defaultConfigurationName = Release;
		};
		34CA0624242AA2CB00251A34 /* Build configuration list for PBXNativeTarget "DeckOfCards" */ = {
			isa = XCConfigurationList;
			buildConfigurations = (
				34CA0625242AA2CB00251A34 /* Debug */,
				34CA0626242AA2CB00251A34 /* Release */,
			);
			defaultConfigurationIsVisible = 0;
			defaultConfigurationName = Release;
		};
/* End XCConfigurationList section */
	};
	rootObject = 34CA0608242AA2CA00251A34 /* Project object */;
}
